
Microsoft Visual Studio Solution File, Format Version 12.00
# Visual Studio Version 16
VisualStudioVersion = 16.0.30114.105
MinimumVisualStudioVersion = 10.0.40219.1
Project("{2150E333-8FDC-42A3-9474-1A3956D46DE8}") = "assignment0", "assignment0", "{77708809-0112-4098-BA7F-E281B9E2C4A7}"
EndProject
Project("{FAE04EC0-301F-11D3-BF4B-00C04F79EFBC}") = "assignment0.test", "assignment0\assignment0.test\assignment0.test.csproj", "{A6332F71-ABEA-4E33-AB5C-26ACB83D5894}"
EndProject
Project("{2150E333-8FDC-42A3-9474-1A3956D46DE8}") = "assignment1", "assignment1", "{5C573752-6BA3-4627-8B37-5AFC21B42BE4}"
EndProject
Project("{FAE04EC0-301F-11D3-BF4B-00C04F79EFBC}") = "assignment1App.tests", "assignment1\assignment1App.tests\assignment1App.tests.csproj", "{10F4FD24-EE04-4406-95EA-D36F5A3C60A2}"
EndProject
Project("{2150E333-8FDC-42A3-9474-1A3956D46DE8}") = "assignment2", "assignment2", "{37D48A0A-DF43-4A77-899D-745A262688E1}"
EndProject
Project("{FAE04EC0-301F-11D3-BF4B-00C04F79EFBC}") = "assignment2.tests", "assignment2\assignment2.tests\assignment2.tests.csproj", "{A44F2952-EE70-435D-853F-00B2ADF084DC}"
EndProject
Project("{2150E333-8FDC-42A3-9474-1A3956D46DE8}") = "assignment3", "assignment3", "{1C30FC3A-A5C9-4AAB-AAC6-188F417BF19C}"
EndProject
Project("{FAE04EC0-301F-11D3-BF4B-00C04F79EFBC}") = "Assignment3", "assignment3\Assignment3\Assignment3.csproj", "{5C23074B-DE26-4E4C-9FD4-E7D8F1F3FA9C}"
EndProject
Project("{FAE04EC0-301F-11D3-BF4B-00C04F79EFBC}") = "Assignment3.Tests", "assignment3\Assignment3.Tests\Assignment3.Tests.csproj", "{54C513CB-750A-4553-9492-AA8D036B67D3}"
EndProject
Project("{2150E333-8FDC-42A3-9474-1A3956D46DE8}") = "assignment4", "assignment4", "{935E48ED-9BC9-49FF-8DF8-716313F4F07A}"
EndProject
Project("{FAE04EC0-301F-11D3-BF4B-00C04F79EFBC}") = "Assignment4", "assignment4\Assignment4\Assignment4.csproj", "{37E82791-ECBA-4630-8B3C-7F70ABF477CF}"
EndProject
Project("{FAE04EC0-301F-11D3-BF4B-00C04F79EFBC}") = "Assignment4.Core", "assignment4\Assignment4.Core\Assignment4.Core.csproj", "{AB44EDC4-3A3E-48F9-8E8F-D4AFA80250F3}"
EndProject
Project("{FAE04EC0-301F-11D3-BF4B-00C04F79EFBC}") = "Assignment4.Entities", "assignment4\Assignment4.Entities\Assignment4.Entities.csproj", "{5CD31F2D-7A6C-4DE7-99ED-3F7AB6CCBAD9}"
EndProject
Project("{FAE04EC0-301F-11D3-BF4B-00C04F79EFBC}") = "Assignment4.Entities.Tests", "assignment4\Assignment4.Entities.Tests\Assignment4.Entities.Tests.csproj", "{BC1590F4-1C63-4AE5-8C8B-276243A93012}"
EndProject
Global
	GlobalSection(SolutionConfigurationPlatforms) = preSolution
		Debug|Any CPU = Debug|Any CPU
		Debug|x64 = Debug|x64
		Debug|x86 = Debug|x86
		Release|Any CPU = Release|Any CPU
		Release|x64 = Release|x64
		Release|x86 = Release|x86
	EndGlobalSection
	GlobalSection(SolutionProperties) = preSolution
		HideSolutionNode = FALSE
	EndGlobalSection
	GlobalSection(ProjectConfigurationPlatforms) = postSolution
		{A6332F71-ABEA-4E33-AB5C-26ACB83D5894}.Debug|Any CPU.ActiveCfg = Debug|Any CPU
		{A6332F71-ABEA-4E33-AB5C-26ACB83D5894}.Debug|Any CPU.Build.0 = Debug|Any CPU
		{A6332F71-ABEA-4E33-AB5C-26ACB83D5894}.Debug|x64.ActiveCfg = Debug|Any CPU
		{A6332F71-ABEA-4E33-AB5C-26ACB83D5894}.Debug|x64.Build.0 = Debug|Any CPU
		{A6332F71-ABEA-4E33-AB5C-26ACB83D5894}.Debug|x86.ActiveCfg = Debug|Any CPU
		{A6332F71-ABEA-4E33-AB5C-26ACB83D5894}.Debug|x86.Build.0 = Debug|Any CPU
		{A6332F71-ABEA-4E33-AB5C-26ACB83D5894}.Release|Any CPU.ActiveCfg = Release|Any CPU
		{A6332F71-ABEA-4E33-AB5C-26ACB83D5894}.Release|Any CPU.Build.0 = Release|Any CPU
		{A6332F71-ABEA-4E33-AB5C-26ACB83D5894}.Release|x64.ActiveCfg = Release|Any CPU
		{A6332F71-ABEA-4E33-AB5C-26ACB83D5894}.Release|x64.Build.0 = Release|Any CPU
		{A6332F71-ABEA-4E33-AB5C-26ACB83D5894}.Release|x86.ActiveCfg = Release|Any CPU
		{A6332F71-ABEA-4E33-AB5C-26ACB83D5894}.Release|x86.Build.0 = Release|Any CPU
		{10F4FD24-EE04-4406-95EA-D36F5A3C60A2}.Debug|Any CPU.ActiveCfg = Debug|Any CPU
		{10F4FD24-EE04-4406-95EA-D36F5A3C60A2}.Debug|Any CPU.Build.0 = Debug|Any CPU
		{10F4FD24-EE04-4406-95EA-D36F5A3C60A2}.Debug|x64.ActiveCfg = Debug|Any CPU
		{10F4FD24-EE04-4406-95EA-D36F5A3C60A2}.Debug|x64.Build.0 = Debug|Any CPU
		{10F4FD24-EE04-4406-95EA-D36F5A3C60A2}.Debug|x86.ActiveCfg = Debug|Any CPU
		{10F4FD24-EE04-4406-95EA-D36F5A3C60A2}.Debug|x86.Build.0 = Debug|Any CPU
		{10F4FD24-EE04-4406-95EA-D36F5A3C60A2}.Release|Any CPU.ActiveCfg = Release|Any CPU
		{10F4FD24-EE04-4406-95EA-D36F5A3C60A2}.Release|Any CPU.Build.0 = Release|Any CPU
		{10F4FD24-EE04-4406-95EA-D36F5A3C60A2}.Release|x64.ActiveCfg = Release|Any CPU
		{10F4FD24-EE04-4406-95EA-D36F5A3C60A2}.Release|x64.Build.0 = Release|Any CPU
		{10F4FD24-EE04-4406-95EA-D36F5A3C60A2}.Release|x86.ActiveCfg = Release|Any CPU
		{10F4FD24-EE04-4406-95EA-D36F5A3C60A2}.Release|x86.Build.0 = Release|Any CPU
		{A44F2952-EE70-435D-853F-00B2ADF084DC}.Debug|Any CPU.ActiveCfg = Debug|Any CPU
		{A44F2952-EE70-435D-853F-00B2ADF084DC}.Debug|Any CPU.Build.0 = Debug|Any CPU
		{A44F2952-EE70-435D-853F-00B2ADF084DC}.Debug|x64.ActiveCfg = Debug|Any CPU
		{A44F2952-EE70-435D-853F-00B2ADF084DC}.Debug|x64.Build.0 = Debug|Any CPU
		{A44F2952-EE70-435D-853F-00B2ADF084DC}.Debug|x86.ActiveCfg = Debug|Any CPU
		{A44F2952-EE70-435D-853F-00B2ADF084DC}.Debug|x86.Build.0 = Debug|Any CPU
		{A44F2952-EE70-435D-853F-00B2ADF084DC}.Release|Any CPU.ActiveCfg = Release|Any CPU
		{A44F2952-EE70-435D-853F-00B2ADF084DC}.Release|Any CPU.Build.0 = Release|Any CPU
		{A44F2952-EE70-435D-853F-00B2ADF084DC}.Release|x64.ActiveCfg = Release|Any CPU
		{A44F2952-EE70-435D-853F-00B2ADF084DC}.Release|x64.Build.0 = Release|Any CPU
		{A44F2952-EE70-435D-853F-00B2ADF084DC}.Release|x86.ActiveCfg = Release|Any CPU
		{A44F2952-EE70-435D-853F-00B2ADF084DC}.Release|x86.Build.0 = Release|Any CPU
		{5C23074B-DE26-4E4C-9FD4-E7D8F1F3FA9C}.Debug|Any CPU.ActiveCfg = Debug|Any CPU
		{5C23074B-DE26-4E4C-9FD4-E7D8F1F3FA9C}.Debug|Any CPU.Build.0 = Debug|Any CPU
		{5C23074B-DE26-4E4C-9FD4-E7D8F1F3FA9C}.Debug|x64.ActiveCfg = Debug|Any CPU
		{5C23074B-DE26-4E4C-9FD4-E7D8F1F3FA9C}.Debug|x64.Build.0 = Debug|Any CPU
		{5C23074B-DE26-4E4C-9FD4-E7D8F1F3FA9C}.Debug|x86.ActiveCfg = Debug|Any CPU
		{5C23074B-DE26-4E4C-9FD4-E7D8F1F3FA9C}.Debug|x86.Build.0 = Debug|Any CPU
		{5C23074B-DE26-4E4C-9FD4-E7D8F1F3FA9C}.Release|Any CPU.ActiveCfg = Release|Any CPU
		{5C23074B-DE26-4E4C-9FD4-E7D8F1F3FA9C}.Release|Any CPU.Build.0 = Release|Any CPU
		{5C23074B-DE26-4E4C-9FD4-E7D8F1F3FA9C}.Release|x64.ActiveCfg = Release|Any CPU
		{5C23074B-DE26-4E4C-9FD4-E7D8F1F3FA9C}.Release|x64.Build.0 = Release|Any CPU
		{5C23074B-DE26-4E4C-9FD4-E7D8F1F3FA9C}.Release|x86.ActiveCfg = Release|Any CPU
		{5C23074B-DE26-4E4C-9FD4-E7D8F1F3FA9C}.Release|x86.Build.0 = Release|Any CPU
		{54C513CB-750A-4553-9492-AA8D036B67D3}.Debug|Any CPU.ActiveCfg = Debug|Any CPU
		{54C513CB-750A-4553-9492-AA8D036B67D3}.Debug|Any CPU.Build.0 = Debug|Any CPU
		{54C513CB-750A-4553-9492-AA8D036B67D3}.Debug|x64.ActiveCfg = Debug|Any CPU
		{54C513CB-750A-4553-9492-AA8D036B67D3}.Debug|x64.Build.0 = Debug|Any CPU
		{54C513CB-750A-4553-9492-AA8D036B67D3}.Debug|x86.ActiveCfg = Debug|Any CPU
		{54C513CB-750A-4553-9492-AA8D036B67D3}.Debug|x86.Build.0 = Debug|Any CPU
		{54C513CB-750A-4553-9492-AA8D036B67D3}.Release|Any CPU.ActiveCfg = Release|Any CPU
		{54C513CB-750A-4553-9492-AA8D036B67D3}.Release|Any CPU.Build.0 = Release|Any CPU
		{54C513CB-750A-4553-9492-AA8D036B67D3}.Release|x64.ActiveCfg = Release|Any CPU
		{54C513CB-750A-4553-9492-AA8D036B67D3}.Release|x64.Build.0 = Release|Any CPU
		{54C513CB-750A-4553-9492-AA8D036B67D3}.Release|x86.ActiveCfg = Release|Any CPU
		{54C513CB-750A-4553-9492-AA8D036B67D3}.Release|x86.Build.0 = Release|Any CPU
		{37E82791-ECBA-4630-8B3C-7F70ABF477CF}.Debug|Any CPU.ActiveCfg = Debug|Any CPU
		{37E82791-ECBA-4630-8B3C-7F70ABF477CF}.Debug|Any CPU.Build.0 = Debug|Any CPU
		{37E82791-ECBA-4630-8B3C-7F70ABF477CF}.Debug|x64.ActiveCfg = Debug|Any CPU
		{37E82791-ECBA-4630-8B3C-7F70ABF477CF}.Debug|x64.Build.0 = Debug|Any CPU
		{37E82791-ECBA-4630-8B3C-7F70ABF477CF}.Debug|x86.ActiveCfg = Debug|Any CPU
		{37E82791-ECBA-4630-8B3C-7F70ABF477CF}.Debug|x86.Build.0 = Debug|Any CPU
		{37E82791-ECBA-4630-8B3C-7F70ABF477CF}.Release|Any CPU.ActiveCfg = Release|Any CPU
		{37E82791-ECBA-4630-8B3C-7F70ABF477CF}.Release|Any CPU.Build.0 = Release|Any CPU
		{37E82791-ECBA-4630-8B3C-7F70ABF477CF}.Release|x64.ActiveCfg = Release|Any CPU
		{37E82791-ECBA-4630-8B3C-7F70ABF477CF}.Release|x64.Build.0 = Release|Any CPU
		{37E82791-ECBA-4630-8B3C-7F70ABF477CF}.Release|x86.ActiveCfg = Release|Any CPU
		{37E82791-ECBA-4630-8B3C-7F70ABF477CF}.Release|x86.Build.0 = Release|Any CPU
		{AB44EDC4-3A3E-48F9-8E8F-D4AFA80250F3}.Debug|Any CPU.ActiveCfg = Debug|Any CPU
		{AB44EDC4-3A3E-48F9-8E8F-D4AFA80250F3}.Debug|Any CPU.Build.0 = Debug|Any CPU
		{AB44EDC4-3A3E-48F9-8E8F-D4AFA80250F3}.Debug|x64.ActiveCfg = Debug|Any CPU
		{AB44EDC4-3A3E-48F9-8E8F-D4AFA80250F3}.Debug|x64.Build.0 = Debug|Any CPU
		{AB44EDC4-3A3E-48F9-8E8F-D4AFA80250F3}.Debug|x86.ActiveCfg = Debug|Any CPU
		{AB44EDC4-3A3E-48F9-8E8F-D4AFA80250F3}.Debug|x86.Build.0 = Debug|Any CPU
		{AB44EDC4-3A3E-48F9-8E8F-D4AFA80250F3}.Release|Any CPU.ActiveCfg = Release|Any CPU
		{AB44EDC4-3A3E-48F9-8E8F-D4AFA80250F3}.Release|Any CPU.Build.0 = Release|Any CPU
		{AB44EDC4-3A3E-48F9-8E8F-D4AFA80250F3}.Release|x64.ActiveCfg = Release|Any CPU
		{AB44EDC4-3A3E-48F9-8E8F-D4AFA80250F3}.Release|x64.Build.0 = Release|Any CPU
		{AB44EDC4-3A3E-48F9-8E8F-D4AFA80250F3}.Release|x86.ActiveCfg = Release|Any CPU
		{AB44EDC4-3A3E-48F9-8E8F-D4AFA80250F3}.Release|x86.Build.0 = Release|Any CPU
		{5CD31F2D-7A6C-4DE7-99ED-3F7AB6CCBAD9}.Debug|Any CPU.ActiveCfg = Debug|Any CPU
		{5CD31F2D-7A6C-4DE7-99ED-3F7AB6CCBAD9}.Debug|Any CPU.Build.0 = Debug|Any CPU
		{5CD31F2D-7A6C-4DE7-99ED-3F7AB6CCBAD9}.Debug|x64.ActiveCfg = Debug|Any CPU
		{5CD31F2D-7A6C-4DE7-99ED-3F7AB6CCBAD9}.Debug|x64.Build.0 = Debug|Any CPU
		{5CD31F2D-7A6C-4DE7-99ED-3F7AB6CCBAD9}.Debug|x86.ActiveCfg = Debug|Any CPU
		{5CD31F2D-7A6C-4DE7-99ED-3F7AB6CCBAD9}.Debug|x86.Build.0 = Debug|Any CPU
		{5CD31F2D-7A6C-4DE7-99ED-3F7AB6CCBAD9}.Release|Any CPU.ActiveCfg = Release|Any CPU
		{5CD31F2D-7A6C-4DE7-99ED-3F7AB6CCBAD9}.Release|Any CPU.Build.0 = Release|Any CPU
		{5CD31F2D-7A6C-4DE7-99ED-3F7AB6CCBAD9}.Release|x64.ActiveCfg = Release|Any CPU
		{5CD31F2D-7A6C-4DE7-99ED-3F7AB6CCBAD9}.Release|x64.Build.0 = Release|Any CPU
		{5CD31F2D-7A6C-4DE7-99ED-3F7AB6CCBAD9}.Release|x86.ActiveCfg = Release|Any CPU
		{5CD31F2D-7A6C-4DE7-99ED-3F7AB6CCBAD9}.Release|x86.Build.0 = Release|Any CPU
		{BC1590F4-1C63-4AE5-8C8B-276243A93012}.Debug|Any CPU.ActiveCfg = Debug|Any CPU
		{BC1590F4-1C63-4AE5-8C8B-276243A93012}.Debug|Any CPU.Build.0 = Debug|Any CPU
		{BC1590F4-1C63-4AE5-8C8B-276243A93012}.Debug|x64.ActiveCfg = Debug|Any CPU
		{BC1590F4-1C63-4AE5-8C8B-276243A93012}.Debug|x64.Build.0 = Debug|Any CPU
		{BC1590F4-1C63-4AE5-8C8B-276243A93012}.Debug|x86.ActiveCfg = Debug|Any CPU
		{BC1590F4-1C63-4AE5-8C8B-276243A93012}.Debug|x86.Build.0 = Debug|Any CPU
		{BC1590F4-1C63-4AE5-8C8B-276243A93012}.Release|Any CPU.ActiveCfg = Release|Any CPU
		{BC1590F4-1C63-4AE5-8C8B-276243A93012}.Release|Any CPU.Build.0 = Release|Any CPU
		{BC1590F4-1C63-4AE5-8C8B-276243A93012}.Release|x64.ActiveCfg = Release|Any CPU
		{BC1590F4-1C63-4AE5-8C8B-276243A93012}.Release|x64.Build.0 = Release|Any CPU
		{BC1590F4-1C63-4AE5-8C8B-276243A93012}.Release|x86.ActiveCfg = Release|Any CPU
		{BC1590F4-1C63-4AE5-8C8B-276243A93012}.Release|x86.Build.0 = Release|Any CPU
	EndGlobalSection
	GlobalSection(NestedProjects) = preSolution
		{A6332F71-ABEA-4E33-AB5C-26ACB83D5894} = {77708809-0112-4098-BA7F-E281B9E2C4A7}
		{10F4FD24-EE04-4406-95EA-D36F5A3C60A2} = {5C573752-6BA3-4627-8B37-5AFC21B42BE4}
		{A44F2952-EE70-435D-853F-00B2ADF084DC} = {37D48A0A-DF43-4A77-899D-745A262688E1}
		{5C23074B-DE26-4E4C-9FD4-E7D8F1F3FA9C} = {1C30FC3A-A5C9-4AAB-AAC6-188F417BF19C}
		{54C513CB-750A-4553-9492-AA8D036B67D3} = {1C30FC3A-A5C9-4AAB-AAC6-188F417BF19C}
		{37E82791-ECBA-4630-8B3C-7F70ABF477CF} = {935E48ED-9BC9-49FF-8DF8-716313F4F07A}
		{AB44EDC4-3A3E-48F9-8E8F-D4AFA80250F3} = {935E48ED-9BC9-49FF-8DF8-716313F4F07A}
		{5CD31F2D-7A6C-4DE7-99ED-3F7AB6CCBAD9} = {935E48ED-9BC9-49FF-8DF8-716313F4F07A}
		{BC1590F4-1C63-4AE5-8C8B-276243A93012} = {935E48ED-9BC9-49FF-8DF8-716313F4F07A}
	EndGlobalSection
EndGlobal
